// !$*UTF8*$!
{
	archiveVersion = 1;
	classes = {
	};
	objectVersion = 46;
	objects = {

/* Begin PBXBuildFile section */
		3F6D932D1EBB8122002C9866 /* PlayerExplosion.sks in Resources */ = {isa = PBXBuildFile; fileRef = 3F6D932C1EBB8122002C9866 /* PlayerExplosion.sks */; };
		3F6DE7FD1EA6658D00D0EE75 /* AppDelegate.swift in Sources */ = {isa = PBXBuildFile; fileRef = 3F6DE7FC1EA6658D00D0EE75 /* AppDelegate.swift */; };
		3F6DE7FF1EA6658D00D0EE75 /* GameScene.sks in Resources */ = {isa = PBXBuildFile; fileRef = 3F6DE7FE1EA6658D00D0EE75 /* GameScene.sks */; };
		3F6DE8011EA6658D00D0EE75 /* Actions.sks in Resources */ = {isa = PBXBuildFile; fileRef = 3F6DE8001EA6658D00D0EE75 /* Actions.sks */; };
		3F6DE8031EA6658D00D0EE75 /* GameScene.swift in Sources */ = {isa = PBXBuildFile; fileRef = 3F6DE8021EA6658D00D0EE75 /* GameScene.swift */; };
		3F6DE8051EA6658D00D0EE75 /* GameViewController.swift in Sources */ = {isa = PBXBuildFile; fileRef = 3F6DE8041EA6658D00D0EE75 /* GameViewController.swift */; };
		3F6DE8081EA6658D00D0EE75 /* Main.storyboard in Resources */ = {isa = PBXBuildFile; fileRef = 3F6DE8061EA6658D00D0EE75 /* Main.storyboard */; };
		3F6DE80A1EA6658D00D0EE75 /* Assets.xcassets in Resources */ = {isa = PBXBuildFile; fileRef = 3F6DE8091EA6658D00D0EE75 /* Assets.xcassets */; };
		3F6DE80D1EA6658D00D0EE75 /* LaunchScreen.storyboard in Resources */ = {isa = PBXBuildFile; fileRef = 3F6DE80B1EA6658D00D0EE75 /* LaunchScreen.storyboard */; };
		3F6DE8181EA6658E00D0EE75 /* AtomicShiftTests.swift in Sources */ = {isa = PBXBuildFile; fileRef = 3F6DE8171EA6658E00D0EE75 /* AtomicShiftTests.swift */; };
		3F6DE8231EA6658E00D0EE75 /* AtomicShiftUITests.swift in Sources */ = {isa = PBXBuildFile; fileRef = 3F6DE8221EA6658E00D0EE75 /* AtomicShiftUITests.swift */; };
/* End PBXBuildFile section */

/* Begin PBXContainerItemProxy section */
		3F6DE8141EA6658E00D0EE75 /* PBXContainerItemProxy */ = {
			isa = PBXContainerItemProxy;
			containerPortal = 3F6DE7F11EA6658D00D0EE75 /* Project object */;
			proxyType = 1;
			remoteGlobalIDString = 3F6DE7F81EA6658D00D0EE75;
			remoteInfo = AtomicShift;
		};
		3F6DE81F1EA6658E00D0EE75 /* PBXContainerItemProxy */ = {
			isa = PBXContainerItemProxy;
			containerPortal = 3F6DE7F11EA6658D00D0EE75 /* Project object */;
			proxyType = 1;
			remoteGlobalIDString = 3F6DE7F81EA6658D00D0EE75;
			remoteInfo = AtomicShift;
		};
/* End PBXContainerItemProxy section */

/* Begin PBXFileReference section */
		3F6D932C1EBB8122002C9866 /* PlayerExplosion.sks */ = {isa = PBXFileReference; lastKnownFileType = file.sks; name = PlayerExplosion.sks; path = "../../../../../Documents/flappyclone-master/flappyMock/sounds/PlayerExplosion.sks"; sourceTree = "<group>"; };
		3F6DE7F91EA6658D00D0EE75 /* AtomicShift.app */ = {isa = PBXFileReference; explicitFileType = wrapper.application; includeInIndex = 0; path = AtomicShift.app; sourceTree = BUILT_PRODUCTS_DIR; };
		3F6DE7FC1EA6658D00D0EE75 /* AppDelegate.swift */ = {isa = PBXFileReference; lastKnownFileType = sourcecode.swift; path = AppDelegate.swift; sourceTree = "<group>"; };
		3F6DE7FE1EA6658D00D0EE75 /* GameScene.sks */ = {isa = PBXFileReference; lastKnownFileType = file.sks; path = GameScene.sks; sourceTree = "<group>"; };
		3F6DE8001EA6658D00D0EE75 /* Actions.sks */ = {isa = PBXFileReference; lastKnownFileType = file.sks; path = Actions.sks; sourceTree = "<group>"; };
		3F6DE8021EA6658D00D0EE75 /* GameScene.swift */ = {isa = PBXFileReference; lastKnownFileType = sourcecode.swift; path = GameScene.swift; sourceTree = "<group>"; };
		3F6DE8041EA6658D00D0EE75 /* GameViewController.swift */ = {isa = PBXFileReference; lastKnownFileType = sourcecode.swift; path = GameViewController.swift; sourceTree = "<group>"; };
		3F6DE8071EA6658D00D0EE75 /* Base */ = {isa = PBXFileReference; lastKnownFileType = file.storyboard; name = Base; path = Base.lproj/Main.storyboard; sourceTree = "<group>"; };
		3F6DE8091EA6658D00D0EE75 /* Assets.xcassets */ = {isa = PBXFileReference; lastKnownFileType = folder.assetcatalog; path = Assets.xcassets; sourceTree = "<group>"; };
		3F6DE80C1EA6658D00D0EE75 /* Base */ = {isa = PBXFileReference; lastKnownFileType = file.storyboard; name = Base; path = Base.lproj/LaunchScreen.storyboard; sourceTree = "<group>"; };
		3F6DE80E1EA6658D00D0EE75 /* Info.plist */ = {isa = PBXFileReference; lastKnownFileType = text.plist.xml; path = Info.plist; sourceTree = "<group>"; };
		3F6DE8131EA6658E00D0EE75 /* AtomicShiftTests.xctest */ = {isa = PBXFileReference; explicitFileType = wrapper.cfbundle; includeInIndex = 0; path = AtomicShiftTests.xctest; sourceTree = BUILT_PRODUCTS_DIR; };
		3F6DE8171EA6658E00D0EE75 /* AtomicShiftTests.swift */ = {isa = PBXFileReference; lastKnownFileType = sourcecode.swift; path = AtomicShiftTests.swift; sourceTree = "<group>"; };
		3F6DE8191EA6658E00D0EE75 /* Info.plist */ = {isa = PBXFileReference; lastKnownFileType = text.plist.xml; path = Info.plist; sourceTree = "<group>"; };
		3F6DE81E1EA6658E00D0EE75 /* AtomicShiftUITests.xctest */ = {isa = PBXFileReference; explicitFileType = wrapper.cfbundle; includeInIndex = 0; path = AtomicShiftUITests.xctest; sourceTree = BUILT_PRODUCTS_DIR; };
		3F6DE8221EA6658E00D0EE75 /* AtomicShiftUITests.swift */ = {isa = PBXFileReference; lastKnownFileType = sourcecode.swift; path = AtomicShiftUITests.swift; sourceTree = "<group>"; };
		3F6DE8241EA6658E00D0EE75 /* Info.plist */ = {isa = PBXFileReference; lastKnownFileType = text.plist.xml; path = Info.plist; sourceTree = "<group>"; };
/* End PBXFileReference section */

/* Begin PBXFrameworksBuildPhase section */
		3F6DE7F61EA6658D00D0EE75 /* Frameworks */ = {
			isa = PBXFrameworksBuildPhase;
			buildActionMask = 2147483647;
			files = (
			);
			runOnlyForDeploymentPostprocessing = 0;
		};
		3F6DE8101EA6658E00D0EE75 /* Frameworks */ = {
			isa = PBXFrameworksBuildPhase;
			buildActionMask = 2147483647;
			files = (
			);
			runOnlyForDeploymentPostprocessing = 0;
		};
		3F6DE81B1EA6658E00D0EE75 /* Frameworks */ = {
			isa = PBXFrameworksBuildPhase;
			buildActionMask = 2147483647;
			files = (
			);
			runOnlyForDeploymentPostprocessing = 0;
		};
/* End PBXFrameworksBuildPhase section */

/* Begin PBXGroup section */
		3F6D93291EBB80DA002C9866 /* Animations */ = {
			isa = PBXGroup;
			children = (
				3F6D932C1EBB8122002C9866 /* PlayerExplosion.sks */,
			);
			name = Animations;
			sourceTree = "<group>";
		};
		3F6DE7F01EA6658D00D0EE75 = {
			isa = PBXGroup;
			children = (
				3F6DE7FB1EA6658D00D0EE75 /* AtomicShift */,
				3F6DE8161EA6658E00D0EE75 /* AtomicShiftTests */,
				3F6DE8211EA6658E00D0EE75 /* AtomicShiftUITests */,
				3F6DE7FA1EA6658D00D0EE75 /* Products */,
			);
			sourceTree = "<group>";
		};
		3F6DE7FA1EA6658D00D0EE75 /* Products */ = {
			isa = PBXGroup;
			children = (
				3F6DE7F91EA6658D00D0EE75 /* AtomicShift.app */,
				3F6DE8131EA6658E00D0EE75 /* AtomicShiftTests.xctest */,
				3F6DE81E1EA6658E00D0EE75 /* AtomicShiftUITests.xctest */,
			);
			name = Products;
			sourceTree = "<group>";
		};
		3F6DE7FB1EA6658D00D0EE75 /* AtomicShift */ = {
			isa = PBXGroup;
			children = (
				3F6DE7FC1EA6658D00D0EE75 /* AppDelegate.swift */,
				3F6DE7FE1EA6658D00D0EE75 /* GameScene.sks */,
				3F6DE8001EA6658D00D0EE75 /* Actions.sks */,
				3F6DE8021EA6658D00D0EE75 /* GameScene.swift */,
				3F6DE8041EA6658D00D0EE75 /* GameViewController.swift */,
				3F6DE8061EA6658D00D0EE75 /* Main.storyboard */,
				3F6DE8091EA6658D00D0EE75 /* Assets.xcassets */,
				3F6D93291EBB80DA002C9866 /* Animations */,
				3F6DE80B1EA6658D00D0EE75 /* LaunchScreen.storyboard */,
				3F6DE80E1EA6658D00D0EE75 /* Info.plist */,
			);
			path = AtomicShift;
			sourceTree = "<group>";
		};
		3F6DE8161EA6658E00D0EE75 /* AtomicShiftTests */ = {
			isa = PBXGroup;
			children = (
				3F6DE8171EA6658E00D0EE75 /* AtomicShiftTests.swift */,
				3F6DE8191EA6658E00D0EE75 /* Info.plist */,
			);
			path = AtomicShiftTests;
			sourceTree = "<group>";
		};
		3F6DE8211EA6658E00D0EE75 /* AtomicShiftUITests */ = {
			isa = PBXGroup;
			children = (
				3F6DE8221EA6658E00D0EE75 /* AtomicShiftUITests.swift */,
				3F6DE8241EA6658E00D0EE75 /* Info.plist */,
			);
			path = AtomicShiftUITests;
			sourceTree = "<group>";
		};
/* End PBXGroup section */

/* Begin PBXNativeTarget section */
		3F6DE7F81EA6658D00D0EE75 /* AtomicShift */ = {
			isa = PBXNativeTarget;
			buildConfigurationList = 3F6DE8271EA6658E00D0EE75 /* Build configuration list for PBXNativeTarget "AtomicShift" */;
			buildPhases = (
				3F6DE7F51EA6658D00D0EE75 /* Sources */,
				3F6DE7F61EA6658D00D0EE75 /* Frameworks */,
				3F6DE7F71EA6658D00D0EE75 /* Resources */,
			);
			buildRules = (
			);
			dependencies = (
			);
			name = AtomicShift;
			productName = AtomicShift;
			productReference = 3F6DE7F91EA6658D00D0EE75 /* AtomicShift.app */;
			productType = "com.apple.product-type.application";
		};
		3F6DE8121EA6658E00D0EE75 /* AtomicShiftTests */ = {
			isa = PBXNativeTarget;
			buildConfigurationList = 3F6DE82A1EA6658E00D0EE75 /* Build configuration list for PBXNativeTarget "AtomicShiftTests" */;
			buildPhases = (
				3F6DE80F1EA6658E00D0EE75 /* Sources */,
				3F6DE8101EA6658E00D0EE75 /* Frameworks */,
				3F6DE8111EA6658E00D0EE75 /* Resources */,
			);
			buildRules = (
			);
			dependencies = (
				3F6DE8151EA6658E00D0EE75 /* PBXTargetDependency */,
			);
			name = AtomicShiftTests;
			productName = AtomicShiftTests;
			productReference = 3F6DE8131EA6658E00D0EE75 /* AtomicShiftTests.xctest */;
			productType = "com.apple.product-type.bundle.unit-test";
		};
		3F6DE81D1EA6658E00D0EE75 /* AtomicShiftUITests */ = {
			isa = PBXNativeTarget;
			buildConfigurationList = 3F6DE82D1EA6658E00D0EE75 /* Build configuration list for PBXNativeTarget "AtomicShiftUITests" */;
			buildPhases = (
				3F6DE81A1EA6658E00D0EE75 /* Sources */,
				3F6DE81B1EA6658E00D0EE75 /* Frameworks */,
				3F6DE81C1EA6658E00D0EE75 /* Resources */,
			);
			buildRules = (
			);
			dependencies = (
				3F6DE8201EA6658E00D0EE75 /* PBXTargetDependency */,
			);
			name = AtomicShiftUITests;
			productName = AtomicShiftUITests;
			productReference = 3F6DE81E1EA6658E00D0EE75 /* AtomicShiftUITests.xctest */;
			productType = "com.apple.product-type.bundle.ui-testing";
		};
/* End PBXNativeTarget section */

/* Begin PBXProject section */
		3F6DE7F11EA6658D00D0EE75 /* Project object */ = {
			isa = PBXProject;
			attributes = {
				LastSwiftUpdateCheck = 0830;
				LastUpgradeCheck = 0830;
				ORGANIZATIONNAME = "Ryan Grogger";
				TargetAttributes = {
					3F6DE7F81EA6658D00D0EE75 = {
						CreatedOnToolsVersion = 8.3;
						ProvisioningStyle = Automatic;
					};
					3F6DE8121EA6658E00D0EE75 = {
						CreatedOnToolsVersion = 8.3;
						ProvisioningStyle = Automatic;
						TestTargetID = 3F6DE7F81EA6658D00D0EE75;
					};
					3F6DE81D1EA6658E00D0EE75 = {
						CreatedOnToolsVersion = 8.3;
						ProvisioningStyle = Automatic;
						TestTargetID = 3F6DE7F81EA6658D00D0EE75;
					};
				};
			};
			buildConfigurationList = 3F6DE7F41EA6658D00D0EE75 /* Build configuration list for PBXProject "AtomicShift" */;
			compatibilityVersion = "Xcode 3.2";
			developmentRegion = English;
			hasScannedForEncodings = 0;
			knownRegions = (
				en,
				Base,
			);
			mainGroup = 3F6DE7F01EA6658D00D0EE75;
			productRefGroup = 3F6DE7FA1EA6658D00D0EE75 /* Products */;
			projectDirPath = "";
			projectRoot = "";
			targets = (
				3F6DE7F81EA6658D00D0EE75 /* AtomicShift */,
				3F6DE8121EA6658E00D0EE75 /* AtomicShiftTests */,
				3F6DE81D1EA6658E00D0EE75 /* AtomicShiftUITests */,
			);
		};
/* End PBXProject section */

/* Begin PBXResourcesBuildPhase section */
		3F6DE7F71EA6658D00D0EE75 /* Resources */ = {
			isa = PBXResourcesBuildPhase;
			buildActionMask = 2147483647;
			files = (
				3F6DE8081EA6658D00D0EE75 /* Main.storyboard in Resources */,
				3F6DE7FF1EA6658D00D0EE75 /* GameScene.sks in Resources */,
				3F6DE80A1EA6658D00D0EE75 /* Assets.xcassets in Resources */,
				3F6D932D1EBB8122002C9866 /* PlayerExplosion.sks in Resources */,
				3F6DE80D1EA6658D00D0EE75 /* LaunchScreen.storyboard in Resources */,
				3F6DE8011EA6658D00D0EE75 /* Actions.sks in Resources */,
			);
			runOnlyForDeploymentPostprocessing = 0;
		};
		3F6DE8111EA6658E00D0EE75 /* Resources */ = {
			isa = PBXResourcesBuildPhase;
			buildActionMask = 2147483647;
			files = (
			);
			runOnlyForDeploymentPostprocessing = 0;
		};
		3F6DE81C1EA6658E00D0EE75 /* Resources */ = {
			isa = PBXResourcesBuildPhase;
			buildActionMask = 2147483647;
			files = (
			);
			runOnlyForDeploymentPostprocessing = 0;
		};
/* End PBXResourcesBuildPhase section */

/* Begin PBXSourcesBuildPhase section */
		3F6DE7F51EA6658D00D0EE75 /* Sources */ = {
			isa = PBXSourcesBuildPhase;
			buildActionMask = 2147483647;
			files = (
				3F6DE8031EA6658D00D0EE75 /* GameScene.swift in Sources */,
				3F6DE8051EA6658D00D0EE75 /* GameViewController.swift in Sources */,
				3F6DE7FD1EA6658D00D0EE75 /* AppDelegate.swift in Sources */,
			);
			runOnlyForDeploymentPostprocessing = 0;
		};
		3F6DE80F1EA6658E00D0EE75 /* Sources */ = {
			isa = PBXSourcesBuildPhase;
			buildActionMask = 2147483647;
			files = (
				3F6DE8181EA6658E00D0EE75 /* AtomicShiftTests.swift in Sources */,
			);
			runOnlyForDeploymentPostprocessing = 0;
		};
		3F6DE81A1EA6658E00D0EE75 /* Sources */ = {
			isa = PBXSourcesBuildPhase;
			buildActionMask = 2147483647;
			files = (
				3F6DE8231EA6658E00D0EE75 /* AtomicShiftUITests.swift in Sources */,
			);
			runOnlyForDeploymentPostprocessing = 0;
		};
/* End PBXSourcesBuildPhase section */

/* Begin PBXTargetDependency section */
		3F6DE8151EA6658E00D0EE75 /* PBXTargetDependency */ = {
			isa = PBXTargetDependency;
			target = 3F6DE7F81EA6658D00D0EE75 /* AtomicShift */;
			targetProxy = 3F6DE8141EA6658E00D0EE75 /* PBXContainerItemProxy */;
		};
		3F6DE8201EA6658E00D0EE75 /* PBXTargetDependency */ = {
			isa = PBXTargetDependency;
			target = 3F6DE7F81EA6658D00D0EE75 /* AtomicShift */;
			targetProxy = 3F6DE81F1EA6658E00D0EE75 /* PBXContainerItemProxy */;
		};
/* End PBXTargetDependency section */

/* Begin PBXVariantGroup section */
		3F6DE8061EA6658D00D0EE75 /* Main.storyboard */ = {
			isa = PBXVariantGroup;
			children = (
				3F6DE8071EA6658D00D0EE75 /* Base */,
			);
			name = Main.storyboard;
			sourceTree = "<group>";
		};
		3F6DE80B1EA6658D00D0EE75 /* LaunchScreen.storyboard */ = {
			isa = PBXVariantGroup;
			children = (
				3F6DE80C1EA6658D00D0EE75 /* Base */,
			);
			name = LaunchScreen.storyboard;
			sourceTree = "<group>";
		};
/* End PBXVariantGroup section */

/* Begin XCBuildConfiguration section */
		3F6DE8251EA6658E00D0EE75 /* Debug */ = {
			isa = XCBuildConfiguration;
			buildSettings = {
				ALWAYS_SEARCH_USER_PATHS = NO;
				CLANG_ANALYZER_NONNULL = YES;
				CLANG_ANALYZER_NUMBER_OBJECT_CONVERSION = YES_AGGRESSIVE;
				CLANG_CXX_LANGUAGE_STANDARD = "gnu++0x";
				CLANG_CXX_LIBRARY = "libc++";
				CLANG_ENABLE_MODULES = YES;
				CLANG_ENABLE_OBJC_ARC = YES;
				CLANG_WARN_BOOL_CONVERSION = YES;
				CLANG_WARN_CONSTANT_CONVERSION = YES;
				CLANG_WARN_DIRECT_OBJC_ISA_USAGE = YES_ERROR;
				CLANG_WARN_DOCUMENTATION_COMMENTS = YES;
				CLANG_WARN_EMPTY_BODY = YES;
				CLANG_WARN_ENUM_CONVERSION = YES;
				CLANG_WARN_INFINITE_RECURSION = YES;
				CLANG_WARN_INT_CONVERSION = YES;
				CLANG_WARN_OBJC_ROOT_CLASS = YES_ERROR;
				CLANG_WARN_SUSPICIOUS_MOVE = YES;
				CLANG_WARN_UNREACHABLE_CODE = YES;
				CLANG_WARN__DUPLICATE_METHOD_MATCH = YES;
				"CODE_SIGN_IDENTITY[sdk=iphoneos*]" = "iPhone Developer";
				COPY_PHASE_STRIP = NO;
				DEBUG_INFORMATION_FORMAT = dwarf;
				ENABLE_STRICT_OBJC_MSGSEND = YES;
				ENABLE_TESTABILITY = YES;
				GCC_C_LANGUAGE_STANDARD = gnu99;
				GCC_DYNAMIC_NO_PIC = NO;
				GCC_NO_COMMON_BLOCKS = YES;
				GCC_OPTIMIZATION_LEVEL = 0;
				GCC_PREPROCESSOR_DEFINITIONS = (
					"DEBUG=1",
					"$(inherited)",
				);
				GCC_WARN_64_TO_32_BIT_CONVERSION = YES;
				GCC_WARN_ABOUT_RETURN_TYPE = YES_ERROR;
				GCC_WARN_UNDECLARED_SELECTOR = YES;
				GCC_WARN_UNINITIALIZED_AUTOS = YES_AGGRESSIVE;
				GCC_WARN_UNUSED_FUNCTION = YES;
				GCC_WARN_UNUSED_VARIABLE = YES;
				IPHONEOS_DEPLOYMENT_TARGET = 10.3;
				MTL_ENABLE_DEBUG_INFO = YES;
				ONLY_ACTIVE_ARCH = YES;
				SDKROOT = iphoneos;
				SWIFT_ACTIVE_COMPILATION_CONDITIONS = DEBUG;
				SWIFT_OPTIMIZATION_LEVEL = "-Onone";
			};
			name = Debug;
		};
		3F6DE8261EA6658E00D0EE75 /* Release */ = {
			isa = XCBuildConfiguration;
			buildSettings = {
				ALWAYS_SEARCH_USER_PATHS = NO;
				CLANG_ANALYZER_NONNULL = YES;
				CLANG_ANALYZER_NUMBER_OBJECT_CONVERSION = YES_AGGRESSIVE;
				CLANG_CXX_LANGUAGE_STANDARD = "gnu++0x";
				CLANG_CXX_LIBRARY = "libc++";
				CLANG_ENABLE_MODULES = YES;
				CLANG_ENABLE_OBJC_ARC = YES;
				CLANG_WARN_BOOL_CONVERSION = YES;
				CLANG_WARN_CONSTANT_CONVERSION = YES;
				CLANG_WARN_DIRECT_OBJC_ISA_USAGE = YES_ERROR;
				CLANG_WARN_DOCUMENTATION_COMMENTS = YES;
				CLANG_WARN_EMPTY_BODY = YES;
				CLANG_WARN_ENUM_CONVERSION = YES;
				CLANG_WARN_INFINITE_RECURSION = YES;
				CLANG_WARN_INT_CONVERSION = YES;
				CLANG_WARN_OBJC_ROOT_CLASS = YES_ERROR;
				CLANG_WARN_SUSPICIOUS_MOVE = YES;
				CLANG_WARN_UNREACHABLE_CODE = YES;
				CLANG_WARN__DUPLICATE_METHOD_MATCH = YES;
				"CODE_SIGN_IDENTITY[sdk=iphoneos*]" = "iPhone Developer";
				COPY_PHASE_STRIP = NO;
				DEBUG_INFORMATION_FORMAT = "dwarf-with-dsym";
				ENABLE_NS_ASSERTIONS = NO;
				ENABLE_STRICT_OBJC_MSGSEND = YES;
				GCC_C_LANGUAGE_STANDARD = gnu99;
				GCC_NO_COMMON_BLOCKS = YES;
				GCC_WARN_64_TO_32_BIT_CONVERSION = YES;
				GCC_WARN_ABOUT_RETURN_TYPE = YES_ERROR;
				GCC_WARN_UNDECLARED_SELECTOR = YES;
				GCC_WARN_UNINITIALIZED_AUTOS = YES_AGGRESSIVE;
				GCC_WARN_UNUSED_FUNCTION = YES;
				GCC_WARN_UNUSED_VARIABLE = YES;
				IPHONEOS_DEPLOYMENT_TARGET = 10.3;
				MTL_ENABLE_DEBUG_INFO = NO;
				SDKROOT = iphoneos;
				SWIFT_OPTIMIZATION_LEVEL = "-Owholemodule";
				VALIDATE_PRODUCT = YES;
			};
			name = Release;
		};
		3F6DE8281EA6658E00D0EE75 /* Debug */ = {
			isa = XCBuildConfiguration;
			buildSettings = {
				ASSETCATALOG_COMPILER_APPICON_NAME = AppIcon;
				INFOPLIST_FILE = AtomicShift/Info.plist;
				LD_RUNPATH_SEARCH_PATHS = "$(inherited) @executable_path/Frameworks";
				PRODUCT_BUNDLE_IDENTIFIER = bhs.AtomicShift;
				PRODUCT_NAME = "$(TARGET_NAME)";
				SWIFT_VERSION = 3.0;
			};
			name = Debug;
		};
		3F6DE8291EA6658E00D0EE75 /* Release */ = {
			isa = XCBuildConfiguration;
			buildSettings = {
				ASSETCATALOG_COMPILER_APPICON_NAME = AppIcon;
				INFOPLIST_FILE = AtomicShift/Info.plist;
				LD_RUNPATH_SEARCH_PATHS = "$(inherited) @executable_path/Frameworks";
				PRODUCT_BUNDLE_IDENTIFIER = bhs.AtomicShift;
				PRODUCT_NAME = "$(TARGET_NAME)";
				SWIFT_VERSION = 3.0;
			};
			name = Release;
		};
		3F6DE82B1EA6658E00D0EE75 /* Debug */ = {
			isa = XCBuildConfiguration;
			buildSettings = {
				ALWAYS_EMBED_SWIFT_STANDARD_LIBRARIES = YES;
				BUNDLE_LOADER = "$(TEST_HOST)";
				INFOPLIST_FILE = AtomicShiftTests/Info.plist;
				LD_RUNPATH_SEARCH_PATHS = "$(inherited) @executable_path/Frameworks @loader_path/Frameworks";
				PRODUCT_BUNDLE_IDENTIFIER = bhs.AtomicShiftTests;
				PRODUCT_NAME = "$(TARGET_NAME)";
				SWIFT_VERSION = 3.0;
				TEST_HOST = "$(BUILT_PRODUCTS_DIR)/AtomicShift.app/AtomicShift";
			};
			name = Debug;
		};
		3F6DE82C1EA6658E00D0EE75 /* Release */ = {
			isa = XCBuildConfiguration;
			buildSettings = {
				ALWAYS_EMBED_SWIFT_STANDARD_LIBRARIES = YES;
				BUNDLE_LOADER = "$(TEST_HOST)";
				INFOPLIST_FILE = AtomicShiftTests/Info.plist;
				LD_RUNPATH_SEARCH_PATHS = "$(inherited) @executable_path/Frameworks @loader_path/Frameworks";
				PRODUCT_BUNDLE_IDENTIFIER = bhs.AtomicShiftTests;
				PRODUCT_NAME = "$(TARGET_NAME)";
				SWIFT_VERSION = 3.0;
				TEST_HOST = "$(BUILT_PRODUCTS_DIR)/AtomicShift.app/AtomicShift";
			};
			name = Release;
		};
		3F6DE82E1EA6658E00D0EE75 /* Debug */ = {
			isa = XCBuildConfiguration;
			buildSettings = {
				ALWAYS_EMBED_SWIFT_STANDARD_LIBRARIES = YES;
				INFOPLIST_FILE = AtomicShiftUITests/Info.plist;
				LD_RUNPATH_SEARCH_PATHS = "$(inherited) @executable_path/Frameworks @loader_path/Frameworks";
				PRODUCT_BUNDLE_IDENTIFIER = bhs.AtomicShiftUITests;
				PRODUCT_NAME = "$(TARGET_NAME)";
				SWIFT_VERSION = 3.0;
				TEST_TARGET_NAME = AtomicShift;
			};
			name = Debug;
		};
		3F6DE82F1EA6658E00D0EE75 /* Release */ = {
			isa = XCBuildConfiguration;
			buildSettings = {
				ALWAYS_EMBED_SWIFT_STANDARD_LIBRARIES = YES;
				INFOPLIST_FILE = AtomicShiftUITests/Info.plist;
				LD_RUNPATH_SEARCH_PATHS = "$(inherited) @executable_path/Frameworks @loader_path/Frameworks";
				PRODUCT_BUNDLE_IDENTIFIER = bhs.AtomicShiftUITests;
				PRODUCT_NAME = "$(TARGET_NAME)";
				SWIFT_VERSION = 3.0;
				TEST_TARGET_NAME = AtomicShift;
			};
			name = Release;
		};
/* End XCBuildConfiguration section */

/* Begin XCConfigurationList section */
		3F6DE7F41EA6658D00D0EE75 /* Build configuration list for PBXProject "AtomicShift" */ = {
			isa = XCConfigurationList;
			buildConfigurations = (
				3F6DE8251EA6658E00D0EE75 /* Debug */,
				3F6DE8261EA6658E00D0EE75 /* Release */,
			);
			defaultConfigurationIsVisible = 0;
			defaultConfigurationName = Release;
		};
		3F6DE8271EA6658E00D0EE75 /* Build configuration list for PBXNativeTarget "AtomicShift" */ = {
			isa = XCConfigurationList;
			buildConfigurations = (
				3F6DE8281EA6658E00D0EE75 /* Debug */,
				3F6DE8291EA6658E00D0EE75 /* Release */,
			);
			defaultConfigurationIsVisible = 0;
			defaultConfigurationName = Release;
		};
		3F6DE82A1EA6658E00D0EE75 /* Build configuration list for PBXNativeTarget "AtomicShiftTests" */ = {
			isa = XCConfigurationList;
			buildConfigurations = (
				3F6DE82B1EA6658E00D0EE75 /* Debug */,
				3F6DE82C1EA6658E00D0EE75 /* Release */,
			);
			defaultConfigurationIsVisible = 0;
			defaultConfigurationName = Release;
		};
		3F6DE82D1EA6658E00D0EE75 /* Build configuration list for PBXNativeTarget "AtomicShiftUITests" */ = {
			isa = XCConfigurationList;
			buildConfigurations = (
				3F6DE82E1EA6658E00D0EE75 /* Debug */,
				3F6DE82F1EA6658E00D0EE75 /* Release */,
			);
			defaultConfigurationIsVisible = 0;
			defaultConfigurationName = Release;
		};
/* End XCConfigurationList section */
	};
	rootObject = 3F6DE7F11EA6658D00D0EE75 /* Project object */;
}
